
Microsoft Visual Studio Solution File, Format Version 12.00
# Visual Studio Version 17
VisualStudioVersion = 17.14.36804.6 d17.14
MinimumVisualStudioVersion = 10.0.40219.1
Project("{8BC9CEB8-8B4A-11D0-8D11-00A0C91BC942}") = "search_server", "search_server.vcxproj", "{DCF890A2-E49A-4864-99CE-20A5FEB2516E}"
EndProject
Global
	GlobalSection(SolutionConfigurationPlatforms) = preSolution
		Debug|x64 = Debug|x64
		Debug|x86 = Debug|x86
		Release|x64 = Release|x64
		Release|x86 = Release|x86
	EndGlobalSection
	GlobalSection(ProjectConfigurationPlatforms) = postSolution
		{DCF890A2-E49A-4864-99CE-20A5FEB2516E}.Debug|x64.ActiveCfg = Debug|x64
		{DCF890A2-E49A-4864-99CE-20A5FEB2516E}.Debug|x64.Build.0 = Debug|x64
		{DCF890A2-E49A-4864-99CE-20A5FEB2516E}.Debug|x86.ActiveCfg = Debug|Win32
		{DCF890A2-E49A-4864-99CE-20A5FEB2516E}.Debug|x86.Build.0 = Debug|Win32
		{DCF890A2-E49A-4864-99CE-20A5FEB2516E}.Release|x64.ActiveCfg = Release|x64
		{DCF890A2-E49A-4864-99CE-20A5FEB2516E}.Release|x64.Build.0 = Release|x64
		{DCF890A2-E49A-4864-99CE-20A5FEB2516E}.Release|x86.ActiveCfg = Release|Win32
		{DCF890A2-E49A-4864-99CE-20A5FEB2516E}.Release|x86.Build.0 = Release|Win32
	EndGlobalSection
	GlobalSection(SolutionProperties) = preSolution
		HideSolutionNode = FALSE
	EndGlobalSection
	GlobalSection(ExtensibilityGlobals) = postSolution
		SolutionGuid = {0103F857-D3DD-449C-A9D3-4BA65D84D20A}
	EndGlobalSection
EndGlobal
