
Microsoft Visual Studio Solution File, Format Version 12.00
# Visual Studio Version 17
VisualStudioVersion = 17.14.36705.20 d17.14
MinimumVisualStudioVersion = 10.0.40219.1
Project("{8BC9CEB8-8B4A-11D0-8D11-00A0C91BC942}") = "hw2-BuilderPattern", "hw2-BuilderPattern.vcxproj", "{DF7F569F-30B5-4F08-AFEB-CD3856953E0D}"
EndProject
Global
	GlobalSection(SolutionConfigurationPlatforms) = preSolution
		Debug|x64 = Debug|x64
		Debug|x86 = Debug|x86
		Release|x64 = Release|x64
		Release|x86 = Release|x86
	EndGlobalSection
	GlobalSection(ProjectConfigurationPlatforms) = postSolution
		{DF7F569F-30B5-4F08-AFEB-CD3856953E0D}.Debug|x64.ActiveCfg = Debug|x64
		{DF7F569F-30B5-4F08-AFEB-CD3856953E0D}.Debug|x64.Build.0 = Debug|x64
		{DF7F569F-30B5-4F08-AFEB-CD3856953E0D}.Debug|x86.ActiveCfg = Debug|Win32
		{DF7F569F-30B5-4F08-AFEB-CD3856953E0D}.Debug|x86.Build.0 = Debug|Win32
		{DF7F569F-30B5-4F08-AFEB-CD3856953E0D}.Release|x64.ActiveCfg = Release|x64
		{DF7F569F-30B5-4F08-AFEB-CD3856953E0D}.Release|x64.Build.0 = Release|x64
		{DF7F569F-30B5-4F08-AFEB-CD3856953E0D}.Release|x86.ActiveCfg = Release|Win32
		{DF7F569F-30B5-4F08-AFEB-CD3856953E0D}.Release|x86.Build.0 = Release|Win32
	EndGlobalSection
	GlobalSection(SolutionProperties) = preSolution
		HideSolutionNode = FALSE
	EndGlobalSection
	GlobalSection(ExtensibilityGlobals) = postSolution
		SolutionGuid = {7C614D0A-D63D-4659-B507-C99ACBD0CF69}
	EndGlobalSection
EndGlobal
