
Microsoft Visual Studio Solution File, Format Version 12.00
# Visual Studio Version 17
VisualStudioVersion = 17.14.36717.8 d17.14
MinimumVisualStudioVersion = 10.0.40219.1
Project("{8BC9CEB8-8B4A-11D0-8D11-00A0C91BC942}") = "BoostHTTPClientExample", "BoostHTTPClientExample.vcxproj", "{B50FFB42-14FC-4E8C-9F6A-F3124F7A5308}"
EndProject
Global
	GlobalSection(SolutionConfigurationPlatforms) = preSolution
		Debug|x64 = Debug|x64
		Debug|x86 = Debug|x86
		Release|x64 = Release|x64
		Release|x86 = Release|x86
	EndGlobalSection
	GlobalSection(ProjectConfigurationPlatforms) = postSolution
		{B50FFB42-14FC-4E8C-9F6A-F3124F7A5308}.Debug|x64.ActiveCfg = Debug|x64
		{B50FFB42-14FC-4E8C-9F6A-F3124F7A5308}.Debug|x64.Build.0 = Debug|x64
		{B50FFB42-14FC-4E8C-9F6A-F3124F7A5308}.Debug|x86.ActiveCfg = Debug|Win32
		{B50FFB42-14FC-4E8C-9F6A-F3124F7A5308}.Debug|x86.Build.0 = Debug|Win32
		{B50FFB42-14FC-4E8C-9F6A-F3124F7A5308}.Release|x64.ActiveCfg = Release|x64
		{B50FFB42-14FC-4E8C-9F6A-F3124F7A5308}.Release|x64.Build.0 = Release|x64
		{B50FFB42-14FC-4E8C-9F6A-F3124F7A5308}.Release|x86.ActiveCfg = Release|Win32
		{B50FFB42-14FC-4E8C-9F6A-F3124F7A5308}.Release|x86.Build.0 = Release|Win32
	EndGlobalSection
	GlobalSection(SolutionProperties) = preSolution
		HideSolutionNode = FALSE
	EndGlobalSection
	GlobalSection(ExtensibilityGlobals) = postSolution
		SolutionGuid = {CC13AF72-E33B-4FA0-9A0E-AF10A8FAEA65}
	EndGlobalSection
EndGlobal
