
Microsoft Visual Studio Solution File, Format Version 12.00
# Visual Studio Version 17
VisualStudioVersion = 17.13.35931.197 d17.13
MinimumVisualStudioVersion = 10.0.40219.1
Project("{8BC9CEB8-8B4A-11D0-8D11-00A0C91BC942}") = "hw2-Counter", "hw2-Counter.vcxproj", "{CCB88DE9-43E6-4A4E-9BF9-055B2EDB4F14}"
EndProject
Global
	GlobalSection(SolutionConfigurationPlatforms) = preSolution
		Debug|x64 = Debug|x64
		Debug|x86 = Debug|x86
		Release|x64 = Release|x64
		Release|x86 = Release|x86
	EndGlobalSection
	GlobalSection(ProjectConfigurationPlatforms) = postSolution
		{CCB88DE9-43E6-4A4E-9BF9-055B2EDB4F14}.Debug|x64.ActiveCfg = Debug|x64
		{CCB88DE9-43E6-4A4E-9BF9-055B2EDB4F14}.Debug|x64.Build.0 = Debug|x64
		{CCB88DE9-43E6-4A4E-9BF9-055B2EDB4F14}.Debug|x86.ActiveCfg = Debug|Win32
		{CCB88DE9-43E6-4A4E-9BF9-055B2EDB4F14}.Debug|x86.Build.0 = Debug|Win32
		{CCB88DE9-43E6-4A4E-9BF9-055B2EDB4F14}.Release|x64.ActiveCfg = Release|x64
		{CCB88DE9-43E6-4A4E-9BF9-055B2EDB4F14}.Release|x64.Build.0 = Release|x64
		{CCB88DE9-43E6-4A4E-9BF9-055B2EDB4F14}.Release|x86.ActiveCfg = Release|Win32
		{CCB88DE9-43E6-4A4E-9BF9-055B2EDB4F14}.Release|x86.Build.0 = Release|Win32
	EndGlobalSection
	GlobalSection(SolutionProperties) = preSolution
		HideSolutionNode = FALSE
	EndGlobalSection
	GlobalSection(ExtensibilityGlobals) = postSolution
		SolutionGuid = {6705463B-EB19-4038-8B67-25F22AF93BD3}
	EndGlobalSection
EndGlobal
