
Microsoft Visual Studio Solution File, Format Version 12.00
# Visual Studio Version 17
VisualStudioVersion = 17.14.36109.1 d17.14
MinimumVisualStudioVersion = 10.0.40219.1
Project("{8BC9CEB8-8B4A-11D0-8D11-00A0C91BC942}") = "hw3-Algorithm_Rabin-Karp", "hw3-Algorithm_Rabin-Karp.vcxproj", "{B3F6540E-DEBD-45E5-BECD-DB58ABECB2C4}"
EndProject
Global
	GlobalSection(SolutionConfigurationPlatforms) = preSolution
		Debug|x64 = Debug|x64
		Debug|x86 = Debug|x86
		Release|x64 = Release|x64
		Release|x86 = Release|x86
	EndGlobalSection
	GlobalSection(ProjectConfigurationPlatforms) = postSolution
		{B3F6540E-DEBD-45E5-BECD-DB58ABECB2C4}.Debug|x64.ActiveCfg = Debug|x64
		{B3F6540E-DEBD-45E5-BECD-DB58ABECB2C4}.Debug|x64.Build.0 = Debug|x64
		{B3F6540E-DEBD-45E5-BECD-DB58ABECB2C4}.Debug|x86.ActiveCfg = Debug|Win32
		{B3F6540E-DEBD-45E5-BECD-DB58ABECB2C4}.Debug|x86.Build.0 = Debug|Win32
		{B3F6540E-DEBD-45E5-BECD-DB58ABECB2C4}.Release|x64.ActiveCfg = Release|x64
		{B3F6540E-DEBD-45E5-BECD-DB58ABECB2C4}.Release|x64.Build.0 = Release|x64
		{B3F6540E-DEBD-45E5-BECD-DB58ABECB2C4}.Release|x86.ActiveCfg = Release|Win32
		{B3F6540E-DEBD-45E5-BECD-DB58ABECB2C4}.Release|x86.Build.0 = Release|Win32
	EndGlobalSection
	GlobalSection(SolutionProperties) = preSolution
		HideSolutionNode = FALSE
	EndGlobalSection
	GlobalSection(ExtensibilityGlobals) = postSolution
		SolutionGuid = {7D0B6FD4-5FAB-4C33-A11C-6822AC1F213A}
	EndGlobalSection
EndGlobal
