
Microsoft Visual Studio Solution File, Format Version 12.00
# Visual Studio Version 17
VisualStudioVersion = 17.14.36109.1 d17.14
MinimumVisualStudioVersion = 10.0.40219.1
Project("{8BC9CEB8-8B4A-11D0-8D11-00A0C91BC942}") = "hw1-UniqueVector", "hw1-UniqueVector.vcxproj", "{E35DE3A9-8B9A-4E1F-8F18-5CF3C0E61AB1}"
EndProject
Global
	GlobalSection(SolutionConfigurationPlatforms) = preSolution
		Debug|x64 = Debug|x64
		Debug|x86 = Debug|x86
		Release|x64 = Release|x64
		Release|x86 = Release|x86
	EndGlobalSection
	GlobalSection(ProjectConfigurationPlatforms) = postSolution
		{E35DE3A9-8B9A-4E1F-8F18-5CF3C0E61AB1}.Debug|x64.ActiveCfg = Debug|x64
		{E35DE3A9-8B9A-4E1F-8F18-5CF3C0E61AB1}.Debug|x64.Build.0 = Debug|x64
		{E35DE3A9-8B9A-4E1F-8F18-5CF3C0E61AB1}.Debug|x86.ActiveCfg = Debug|Win32
		{E35DE3A9-8B9A-4E1F-8F18-5CF3C0E61AB1}.Debug|x86.Build.0 = Debug|Win32
		{E35DE3A9-8B9A-4E1F-8F18-5CF3C0E61AB1}.Release|x64.ActiveCfg = Release|x64
		{E35DE3A9-8B9A-4E1F-8F18-5CF3C0E61AB1}.Release|x64.Build.0 = Release|x64
		{E35DE3A9-8B9A-4E1F-8F18-5CF3C0E61AB1}.Release|x86.ActiveCfg = Release|Win32
		{E35DE3A9-8B9A-4E1F-8F18-5CF3C0E61AB1}.Release|x86.Build.0 = Release|Win32
	EndGlobalSection
	GlobalSection(SolutionProperties) = preSolution
		HideSolutionNode = FALSE
	EndGlobalSection
	GlobalSection(ExtensibilityGlobals) = postSolution
		SolutionGuid = {97BDA42E-6541-4D4E-B3DA-DAC71EB16AB7}
	EndGlobalSection
EndGlobal
