<?xml version="1.0" encoding="utf-8"?>
<Project ToolsVersion="17.0" xmlns="http://schemas.microsoft.com/developer/msbuild/2003">
  <ItemGroup>
    <CustomBuild Include="C:\GIT_PROJECT\Homeworks_Netology_C_plus_plus\Qt_programming\11-Qt_Diplom_New\Source\01_DatabaseManagerQtConsole\build-vs\CMakeFiles\b65701188615fa3a7986fb08d4438a41\generate.stamp.rule">
      <Filter>CMake Rules</Filter>
    </CustomBuild>
  </ItemGroup>
  <ItemGroup>
    <Filter Include="CMake Rules">
      <UniqueIdentifier>{66DB0B6F-BBFE-3F88-A475-1194227E76FF}</UniqueIdentifier>
    </Filter>
  </ItemGroup>
</Project>
